
Microsoft Visual Studio Solution File, Format Version 12.00
# Visual Studio Version 17
VisualStudioVersion = 17.9.34723.18
MinimumVisualStudioVersion = 10.0.40219.1
Project("{8BC9CEB8-8B4A-11D0-8D11-00A0C91BC942}") = "Praktikum 10.1", "Praktikum 10.1.vcxproj", "{A561C668-EAFB-47D6-A398-5ED97B76E3B4}"
EndProject
Project("{8BC9CEB8-8B4A-11D0-8D11-00A0C91BC942}") = "Praktikum 10.2  (komposisi)", "..\Praktikum 10.2  (komposisi)\Praktikum 10.2  (komposisi).vcxproj", "{1210D0E1-1CEB-475F-B27D-5CC4E6973B92}"
EndProject
Project("{8BC9CEB8-8B4A-11D0-8D11-00A0C91BC942}") = "Praktikum 10.3 (agregasi)", "..\Praktikum 10.3 (agregasi)\Praktikum 10.3 (agregasi).vcxproj", "{20E8DA41-E140-469A-8AC6-F950CCCEBD5E}"
EndProject
Global
	GlobalSection(SolutionConfigurationPlatforms) = preSolution
		Debug|x64 = Debug|x64
		Debug|x86 = Debug|x86
		Release|x64 = Release|x64
		Release|x86 = Release|x86
	EndGlobalSection
	GlobalSection(ProjectConfigurationPlatforms) = postSolution
		{A561C668-EAFB-47D6-A398-5ED97B76E3B4}.Debug|x64.ActiveCfg = Debug|x64
		{A561C668-EAFB-47D6-A398-5ED97B76E3B4}.Debug|x64.Build.0 = Debug|x64
		{A561C668-EAFB-47D6-A398-5ED97B76E3B4}.Debug|x86.ActiveCfg = Debug|Win32
		{A561C668-EAFB-47D6-A398-5ED97B76E3B4}.Debug|x86.Build.0 = Debug|Win32
		{A561C668-EAFB-47D6-A398-5ED97B76E3B4}.Release|x64.ActiveCfg = Release|x64
		{A561C668-EAFB-47D6-A398-5ED97B76E3B4}.Release|x64.Build.0 = Release|x64
		{A561C668-EAFB-47D6-A398-5ED97B76E3B4}.Release|x86.ActiveCfg = Release|Win32
		{A561C668-EAFB-47D6-A398-5ED97B76E3B4}.Release|x86.Build.0 = Release|Win32
		{1210D0E1-1CEB-475F-B27D-5CC4E6973B92}.Debug|x64.ActiveCfg = Debug|x64
		{1210D0E1-1CEB-475F-B27D-5CC4E6973B92}.Debug|x64.Build.0 = Debug|x64
		{1210D0E1-1CEB-475F-B27D-5CC4E6973B92}.Debug|x86.ActiveCfg = Debug|Win32
		{1210D0E1-1CEB-475F-B27D-5CC4E6973B92}.Debug|x86.Build.0 = Debug|Win32
		{1210D0E1-1CEB-475F-B27D-5CC4E6973B92}.Release|x64.ActiveCfg = Release|x64
		{1210D0E1-1CEB-475F-B27D-5CC4E6973B92}.Release|x64.Build.0 = Release|x64
		{1210D0E1-1CEB-475F-B27D-5CC4E6973B92}.Release|x86.ActiveCfg = Release|Win32
		{1210D0E1-1CEB-475F-B27D-5CC4E6973B92}.Release|x86.Build.0 = Release|Win32
		{20E8DA41-E140-469A-8AC6-F950CCCEBD5E}.Debug|x64.ActiveCfg = Debug|x64
		{20E8DA41-E140-469A-8AC6-F950CCCEBD5E}.Debug|x64.Build.0 = Debug|x64
		{20E8DA41-E140-469A-8AC6-F950CCCEBD5E}.Debug|x86.ActiveCfg = Debug|Win32
		{20E8DA41-E140-469A-8AC6-F950CCCEBD5E}.Debug|x86.Build.0 = Debug|Win32
		{20E8DA41-E140-469A-8AC6-F950CCCEBD5E}.Release|x64.ActiveCfg = Release|x64
		{20E8DA41-E140-469A-8AC6-F950CCCEBD5E}.Release|x64.Build.0 = Release|x64
		{20E8DA41-E140-469A-8AC6-F950CCCEBD5E}.Release|x86.ActiveCfg = Release|Win32
		{20E8DA41-E140-469A-8AC6-F950CCCEBD5E}.Release|x86.Build.0 = Release|Win32
	EndGlobalSection
	GlobalSection(SolutionProperties) = preSolution
		HideSolutionNode = FALSE
	EndGlobalSection
	GlobalSection(ExtensibilityGlobals) = postSolution
		SolutionGuid = {7AD60031-16E4-466B-814E-0CB777F7DFBD}
	EndGlobalSection
EndGlobal
